
Microsoft Visual Studio Solution File, Format Version 12.00
# Visual Studio Version 17
VisualStudioVersion = 17.0.31903.59
MinimumVisualStudioVersion = 10.0.40219.1
Project("{FAE04EC0-301F-11D3-BF4B-00C04F79EFBC}") = "Pinecone", "Pinecone\Pinecone.csproj", "{8A71FB3E-0F33-4319-A11F-B68454EED653}"
EndProject
Project("{FAE04EC0-301F-11D3-BF4B-00C04F79EFBC}") = "Pinecone.Test", "Pinecone.Test\Pinecone.Test.csproj", "{280BD0C6-4B54-4933-8832-89E2B5D040C3}"
EndProject
Global
	GlobalSection(SolutionConfigurationPlatforms) = preSolution
		Debug|Any CPU = Debug|Any CPU
		Release|Any CPU = Release|Any CPU
	EndGlobalSection
	GlobalSection(SolutionProperties) = preSolution
		HideSolutionNode = FALSE
	EndGlobalSection
	GlobalSection(ProjectConfigurationPlatforms) = postSolution
		{8A71FB3E-0F33-4319-A11F-B68454EED653}.Debug|Any CPU.ActiveCfg = Debug|Any CPU
		{8A71FB3E-0F33-4319-A11F-B68454EED653}.Debug|Any CPU.Build.0 = Debug|Any CPU
		{8A71FB3E-0F33-4319-A11F-B68454EED653}.Release|Any CPU.ActiveCfg = Release|Any CPU
		{8A71FB3E-0F33-4319-A11F-B68454EED653}.Release|Any CPU.Build.0 = Release|Any CPU
		{280BD0C6-4B54-4933-8832-89E2B5D040C3}.Debug|Any CPU.ActiveCfg = Debug|Any CPU
		{280BD0C6-4B54-4933-8832-89E2B5D040C3}.Debug|Any CPU.Build.0 = Debug|Any CPU
		{280BD0C6-4B54-4933-8832-89E2B5D040C3}.Release|Any CPU.ActiveCfg = Release|Any CPU
		{280BD0C6-4B54-4933-8832-89E2B5D040C3}.Release|Any CPU.Build.0 = Release|Any CPU
	EndGlobalSection
EndGlobal
