
Microsoft Visual Studio Solution File, Format Version 12.00
# Visual Studio Version 17
VisualStudioVersion = 17.0.31903.59
MinimumVisualStudioVersion = 10.0.40219.1
Project("{FAE04EC0-301F-11D3-BF4B-00C04F79EFBC}") = "Pinecone.Client", "Pinecone.Client\Pinecone.Client.csproj", "{77DC68E6-7473-4B06-B6C6-04861204DF60}"
EndProject
Project("{FAE04EC0-301F-11D3-BF4B-00C04F79EFBC}") = "Pinecone.Client.Test", "Pinecone.Client.Test\Pinecone.Client.Test.csproj", "{A77B1B2D-A4C0-44A7-8BF3-A1AFD4D93ED3}"
EndProject
Global
	GlobalSection(SolutionConfigurationPlatforms) = preSolution
		Debug|Any CPU = Debug|Any CPU
		Release|Any CPU = Release|Any CPU
	EndGlobalSection
	GlobalSection(SolutionProperties) = preSolution
		HideSolutionNode = FALSE
	EndGlobalSection
	GlobalSection(ProjectConfigurationPlatforms) = postSolution
		{77DC68E6-7473-4B06-B6C6-04861204DF60}.Debug|Any CPU.ActiveCfg = Debug|Any CPU
		{77DC68E6-7473-4B06-B6C6-04861204DF60}.Debug|Any CPU.Build.0 = Debug|Any CPU
		{77DC68E6-7473-4B06-B6C6-04861204DF60}.Release|Any CPU.ActiveCfg = Release|Any CPU
		{77DC68E6-7473-4B06-B6C6-04861204DF60}.Release|Any CPU.Build.0 = Release|Any CPU
		{A77B1B2D-A4C0-44A7-8BF3-A1AFD4D93ED3}.Debug|Any CPU.ActiveCfg = Debug|Any CPU
		{A77B1B2D-A4C0-44A7-8BF3-A1AFD4D93ED3}.Debug|Any CPU.Build.0 = Debug|Any CPU
		{A77B1B2D-A4C0-44A7-8BF3-A1AFD4D93ED3}.Release|Any CPU.ActiveCfg = Release|Any CPU
		{A77B1B2D-A4C0-44A7-8BF3-A1AFD4D93ED3}.Release|Any CPU.Build.0 = Release|Any CPU
	EndGlobalSection
EndGlobal
