
Microsoft Visual Studio Solution File, Format Version 12.00
# Visual Studio Version 17
VisualStudioVersion = 17.0.31903.59
MinimumVisualStudioVersion = 10.0.40219.1
Project("{FAE04EC0-301F-11D3-BF4B-00C04F79EFBC}") = "Pinecone.Client", "Pinecone.Client\Pinecone.Client.csproj", "{789DE34F-5E3D-4783-B0C3-801BC25F66B1}"
EndProject
Project("{FAE04EC0-301F-11D3-BF4B-00C04F79EFBC}") = "Pinecone.Client.Test", "Pinecone.Client.Test\Pinecone.Client.Test.csproj", "{2770241E-5A68-4CB3-BA29-A1CBC80B50C5}"
EndProject
Global
	GlobalSection(SolutionConfigurationPlatforms) = preSolution
		Debug|Any CPU = Debug|Any CPU
		Release|Any CPU = Release|Any CPU
	EndGlobalSection
	GlobalSection(SolutionProperties) = preSolution
		HideSolutionNode = FALSE
	EndGlobalSection
	GlobalSection(ProjectConfigurationPlatforms) = postSolution
		{789DE34F-5E3D-4783-B0C3-801BC25F66B1}.Debug|Any CPU.ActiveCfg = Debug|Any CPU
		{789DE34F-5E3D-4783-B0C3-801BC25F66B1}.Debug|Any CPU.Build.0 = Debug|Any CPU
		{789DE34F-5E3D-4783-B0C3-801BC25F66B1}.Release|Any CPU.ActiveCfg = Release|Any CPU
		{789DE34F-5E3D-4783-B0C3-801BC25F66B1}.Release|Any CPU.Build.0 = Release|Any CPU
		{2770241E-5A68-4CB3-BA29-A1CBC80B50C5}.Debug|Any CPU.ActiveCfg = Debug|Any CPU
		{2770241E-5A68-4CB3-BA29-A1CBC80B50C5}.Debug|Any CPU.Build.0 = Debug|Any CPU
		{2770241E-5A68-4CB3-BA29-A1CBC80B50C5}.Release|Any CPU.ActiveCfg = Release|Any CPU
		{2770241E-5A68-4CB3-BA29-A1CBC80B50C5}.Release|Any CPU.Build.0 = Release|Any CPU
	EndGlobalSection
EndGlobal
