
Microsoft Visual Studio Solution File, Format Version 12.00
# Visual Studio Version 17
VisualStudioVersion = 17.0.31903.59
MinimumVisualStudioVersion = 10.0.40219.1
Project("{FAE04EC0-301F-11D3-BF4B-00C04F79EFBC}") = "Pinecone", "Pinecone\Pinecone.csproj", "{7727CBD1-C2D5-4F70-B023-EFC514ED40FD}"
EndProject
Project("{FAE04EC0-301F-11D3-BF4B-00C04F79EFBC}") = "Pinecone.Test", "Pinecone.Test\Pinecone.Test.csproj", "{86C33D93-43C7-4415-9622-5E4C9140D5F2}"
EndProject
Global
	GlobalSection(SolutionConfigurationPlatforms) = preSolution
		Debug|Any CPU = Debug|Any CPU
		Release|Any CPU = Release|Any CPU
	EndGlobalSection
	GlobalSection(SolutionProperties) = preSolution
		HideSolutionNode = FALSE
	EndGlobalSection
	GlobalSection(ProjectConfigurationPlatforms) = postSolution
		{7727CBD1-C2D5-4F70-B023-EFC514ED40FD}.Debug|Any CPU.ActiveCfg = Debug|Any CPU
		{7727CBD1-C2D5-4F70-B023-EFC514ED40FD}.Debug|Any CPU.Build.0 = Debug|Any CPU
		{7727CBD1-C2D5-4F70-B023-EFC514ED40FD}.Release|Any CPU.ActiveCfg = Release|Any CPU
		{7727CBD1-C2D5-4F70-B023-EFC514ED40FD}.Release|Any CPU.Build.0 = Release|Any CPU
		{86C33D93-43C7-4415-9622-5E4C9140D5F2}.Debug|Any CPU.ActiveCfg = Debug|Any CPU
		{86C33D93-43C7-4415-9622-5E4C9140D5F2}.Debug|Any CPU.Build.0 = Debug|Any CPU
		{86C33D93-43C7-4415-9622-5E4C9140D5F2}.Release|Any CPU.ActiveCfg = Release|Any CPU
		{86C33D93-43C7-4415-9622-5E4C9140D5F2}.Release|Any CPU.Build.0 = Release|Any CPU
	EndGlobalSection
EndGlobal
